// !$*UTF8*$!
{
	archiveVersion = 1;
	classes = {
	};
	objectVersion = 46;
	objects = {

/* Begin PBXBuildFile section */
		1302CD2A1C52B2F6003222CF /* AppDelegate.swift in Sources */ = {isa = PBXBuildFile; fileRef = 1302CD291C52B2F6003222CF /* AppDelegate.swift */; };
		1302CD2C1C52B2F6003222CF /* ViewController.swift in Sources */ = {isa = PBXBuildFile; fileRef = 1302CD2B1C52B2F6003222CF /* ViewController.swift */; };
		1302CD2F1C52B2F6003222CF /* Main.storyboard in Resources */ = {isa = PBXBuildFile; fileRef = 1302CD2D1C52B2F6003222CF /* Main.storyboard */; };
		1302CD311C52B2F6003222CF /* Assets.xcassets in Resources */ = {isa = PBXBuildFile; fileRef = 1302CD301C52B2F6003222CF /* Assets.xcassets */; };
		1302CD341C52B2F6003222CF /* LaunchScreen.storyboard in Resources */ = {isa = PBXBuildFile; fileRef = 1302CD321C52B2F6003222CF /* LaunchScreen.storyboard */; };
		1302CD3F1C52B2F6003222CF /* PostcardTests.swift in Sources */ = {isa = PBXBuildFile; fileRef = 1302CD3E1C52B2F6003222CF /* PostcardTests.swift */; };
		1302CD4A1C52B2F6003222CF /* PostcardUITests.swift in Sources */ = {isa = PBXBuildFile; fileRef = 1302CD491C52B2F6003222CF /* PostcardUITests.swift */; };
		1302CD581C52BAA7003222CF /* SagradaFamilia.jpeg in Resources */ = {isa = PBXBuildFile; fileRef = 1302CD571C52BAA7003222CF /* SagradaFamilia.jpeg */; };
		1302CD5A1C52BF40003222CF /* AlbertEinsteinStamp.jpg in Resources */ = {isa = PBXBuildFile; fileRef = 1302CD591C52BF40003222CF /* AlbertEinsteinStamp.jpg */; };
/* End PBXBuildFile section */

/* Begin PBXContainerItemProxy section */
		1302CD3B1C52B2F6003222CF /* PBXContainerItemProxy */ = {
			isa = PBXContainerItemProxy;
			containerPortal = 1302CD1E1C52B2F6003222CF /* Project object */;
			proxyType = 1;
			remoteGlobalIDString = 1302CD251C52B2F6003222CF;
			remoteInfo = Postcard;
		};
		1302CD461C52B2F6003222CF /* PBXContainerItemProxy */ = {
			isa = PBXContainerItemProxy;
			containerPortal = 1302CD1E1C52B2F6003222CF /* Project object */;
			proxyType = 1;
			remoteGlobalIDString = 1302CD251C52B2F6003222CF;
			remoteInfo = Postcard;
		};
/* End PBXContainerItemProxy section */

/* Begin PBXFileReference section */
		1302CD261C52B2F6003222CF /* Postcard.app */ = {isa = PBXFileReference; explicitFileType = wrapper.application; includeInIndex = 0; path = Postcard.app; sourceTree = BUILT_PRODUCTS_DIR; };
		1302CD291C52B2F6003222CF /* AppDelegate.swift */ = {isa = PBXFileReference; lastKnownFileType = sourcecode.swift; path = AppDelegate.swift; sourceTree = "<group>"; };
		1302CD2B1C52B2F6003222CF /* ViewController.swift */ = {isa = PBXFileReference; lastKnownFileType = sourcecode.swift; path = ViewController.swift; sourceTree = "<group>"; };
		1302CD2E1C52B2F6003222CF /* Base */ = {isa = PBXFileReference; lastKnownFileType = file.storyboard; name = Base; path = Base.lproj/Main.storyboard; sourceTree = "<group>"; };
		1302CD301C52B2F6003222CF /* Assets.xcassets */ = {isa = PBXFileReference; lastKnownFileType = folder.assetcatalog; path = Assets.xcassets; sourceTree = "<group>"; };
		1302CD331C52B2F6003222CF /* Base */ = {isa = PBXFileReference; lastKnownFileType = file.storyboard; name = Base; path = Base.lproj/LaunchScreen.storyboard; sourceTree = "<group>"; };
		1302CD351C52B2F6003222CF /* Info.plist */ = {isa = PBXFileReference; lastKnownFileType = text.plist.xml; path = Info.plist; sourceTree = "<group>"; };
		1302CD3A1C52B2F6003222CF /* PostcardTests.xctest */ = {isa = PBXFileReference; explicitFileType = wrapper.cfbundle; includeInIndex = 0; path = PostcardTests.xctest; sourceTree = BUILT_PRODUCTS_DIR; };
		1302CD3E1C52B2F6003222CF /* PostcardTests.swift */ = {isa = PBXFileReference; lastKnownFileType = sourcecode.swift; path = PostcardTests.swift; sourceTree = "<group>"; };
		1302CD401C52B2F6003222CF /* Info.plist */ = {isa = PBXFileReference; lastKnownFileType = text.plist.xml; path = Info.plist; sourceTree = "<group>"; };
		1302CD451C52B2F6003222CF /* PostcardUITests.xctest */ = {isa = PBXFileReference; explicitFileType = wrapper.cfbundle; includeInIndex = 0; path = PostcardUITests.xctest; sourceTree = BUILT_PRODUCTS_DIR; };
		1302CD491C52B2F6003222CF /* PostcardUITests.swift */ = {isa = PBXFileReference; lastKnownFileType = sourcecode.swift; path = PostcardUITests.swift; sourceTree = "<group>"; };
		1302CD4B1C52B2F6003222CF /* Info.plist */ = {isa = PBXFileReference; lastKnownFileType = text.plist.xml; path = Info.plist; sourceTree = "<group>"; };
		1302CD571C52BAA7003222CF /* SagradaFamilia.jpeg */ = {isa = PBXFileReference; lastKnownFileType = image.jpeg; name = SagradaFamilia.jpeg; path = ../SagradaFamilia.jpeg; sourceTree = "<group>"; };
		1302CD591C52BF40003222CF /* AlbertEinsteinStamp.jpg */ = {isa = PBXFileReference; lastKnownFileType = image.jpeg; path = AlbertEinsteinStamp.jpg; sourceTree = "<group>"; };
/* End PBXFileReference section */

/* Begin PBXFrameworksBuildPhase section */
		1302CD231C52B2F6003222CF /* Frameworks */ = {
			isa = PBXFrameworksBuildPhase;
			buildActionMask = 2147483647;
			files = (
			);
			runOnlyForDeploymentPostprocessing = 0;
		};
		1302CD371C52B2F6003222CF /* Frameworks */ = {
			isa = PBXFrameworksBuildPhase;
			buildActionMask = 2147483647;
			files = (
			);
			runOnlyForDeploymentPostprocessing = 0;
		};
		1302CD421C52B2F6003222CF /* Frameworks */ = {
			isa = PBXFrameworksBuildPhase;
			buildActionMask = 2147483647;
			files = (
			);
			runOnlyForDeploymentPostprocessing = 0;
		};
/* End PBXFrameworksBuildPhase section */

/* Begin PBXGroup section */
		1302CD1D1C52B2F6003222CF = {
			isa = PBXGroup;
			children = (
				1302CD281C52B2F6003222CF /* Postcard */,
				1302CD3D1C52B2F6003222CF /* PostcardTests */,
				1302CD481C52B2F6003222CF /* PostcardUITests */,
				1302CD271C52B2F6003222CF /* Products */,
			);
			sourceTree = "<group>";
		};
		1302CD271C52B2F6003222CF /* Products */ = {
			isa = PBXGroup;
			children = (
				1302CD261C52B2F6003222CF /* Postcard.app */,
				1302CD3A1C52B2F6003222CF /* PostcardTests.xctest */,
				1302CD451C52B2F6003222CF /* PostcardUITests.xctest */,
			);
			name = Products;
			sourceTree = "<group>";
		};
		1302CD281C52B2F6003222CF /* Postcard */ = {
			isa = PBXGroup;
			children = (
				1302CD291C52B2F6003222CF /* AppDelegate.swift */,
				1302CD2B1C52B2F6003222CF /* ViewController.swift */,
				1302CD2D1C52B2F6003222CF /* Main.storyboard */,
				1302CD301C52B2F6003222CF /* Assets.xcassets */,
				1302CD321C52B2F6003222CF /* LaunchScreen.storyboard */,
				1302CD351C52B2F6003222CF /* Info.plist */,
				1302CD571C52BAA7003222CF /* SagradaFamilia.jpeg */,
				1302CD591C52BF40003222CF /* AlbertEinsteinStamp.jpg */,
			);
			path = Postcard;
			sourceTree = "<group>";
		};
		1302CD3D1C52B2F6003222CF /* PostcardTests */ = {
			isa = PBXGroup;
			children = (
				1302CD3E1C52B2F6003222CF /* PostcardTests.swift */,
				1302CD401C52B2F6003222CF /* Info.plist */,
			);
			path = PostcardTests;
			sourceTree = "<group>";
		};
		1302CD481C52B2F6003222CF /* PostcardUITests */ = {
			isa = PBXGroup;
			children = (
				1302CD491C52B2F6003222CF /* PostcardUITests.swift */,
				1302CD4B1C52B2F6003222CF /* Info.plist */,
			);
			path = PostcardUITests;
			sourceTree = "<group>";
		};
/* End PBXGroup section */

/* Begin PBXNativeTarget section */
		1302CD251C52B2F6003222CF /* Postcard */ = {
			isa = PBXNativeTarget;
			buildConfigurationList = 1302CD4E1C52B2F6003222CF /* Build configuration list for PBXNativeTarget "Postcard" */;
			buildPhases = (
				1302CD221C52B2F6003222CF /* Sources */,
				1302CD231C52B2F6003222CF /* Frameworks */,
				1302CD241C52B2F6003222CF /* Resources */,
			);
			buildRules = (
			);
			dependencies = (
			);
			name = Postcard;
			productName = Postcard;
			productReference = 1302CD261C52B2F6003222CF /* Postcard.app */;
			productType = "com.apple.product-type.application";
		};
		1302CD391C52B2F6003222CF /* PostcardTests */ = {
			isa = PBXNativeTarget;
			buildConfigurationList = 1302CD511C52B2F6003222CF /* Build configuration list for PBXNativeTarget "PostcardTests" */;
			buildPhases = (
				1302CD361C52B2F6003222CF /* Sources */,
				1302CD371C52B2F6003222CF /* Frameworks */,
				1302CD381C52B2F6003222CF /* Resources */,
			);
			buildRules = (
			);
			dependencies = (
				1302CD3C1C52B2F6003222CF /* PBXTargetDependency */,
			);
			name = PostcardTests;
			productName = PostcardTests;
			productReference = 1302CD3A1C52B2F6003222CF /* PostcardTests.xctest */;
			productType = "com.apple.product-type.bundle.unit-test";
		};
		1302CD441C52B2F6003222CF /* PostcardUITests */ = {
			isa = PBXNativeTarget;
			buildConfigurationList = 1302CD541C52B2F6003222CF /* Build configuration list for PBXNativeTarget "PostcardUITests" */;
			buildPhases = (
				1302CD411C52B2F6003222CF /* Sources */,
				1302CD421C52B2F6003222CF /* Frameworks */,
				1302CD431C52B2F6003222CF /* Resources */,
			);
			buildRules = (
			);
			dependencies = (
				1302CD471C52B2F6003222CF /* PBXTargetDependency */,
			);
			name = PostcardUITests;
			productName = PostcardUITests;
			productReference = 1302CD451C52B2F6003222CF /* PostcardUITests.xctest */;
			productType = "com.apple.product-type.bundle.ui-testing";
		};
/* End PBXNativeTarget section */

/* Begin PBXProject section */
		1302CD1E1C52B2F6003222CF /* Project object */ = {
			isa = PBXProject;
			attributes = {
				LastUpgradeCheck = 0710;
				ORGANIZATIONNAME = "Brad McAnalley";
				TargetAttributes = {
					1302CD251C52B2F6003222CF = {
						CreatedOnToolsVersion = 7.1;
					};
					1302CD391C52B2F6003222CF = {
						CreatedOnToolsVersion = 7.1;
						TestTargetID = 1302CD251C52B2F6003222CF;
					};
					1302CD441C52B2F6003222CF = {
						CreatedOnToolsVersion = 7.1;
						TestTargetID = 1302CD251C52B2F6003222CF;
					};
				};
			};
			buildConfigurationList = 1302CD211C52B2F6003222CF /* Build configuration list for PBXProject "Postcard" */;
			compatibilityVersion = "Xcode 3.2";
			developmentRegion = English;
			hasScannedForEncodings = 0;
			knownRegions = (
				en,
				Base,
			);
			mainGroup = 1302CD1D1C52B2F6003222CF;
			productRefGroup = 1302CD271C52B2F6003222CF /* Products */;
			projectDirPath = "";
			projectRoot = "";
			targets = (
				1302CD251C52B2F6003222CF /* Postcard */,
				1302CD391C52B2F6003222CF /* PostcardTests */,
				1302CD441C52B2F6003222CF /* PostcardUITests */,
			);
		};
/* End PBXProject section */

/* Begin PBXResourcesBuildPhase section */
		1302CD241C52B2F6003222CF /* Resources */ = {
			isa = PBXResourcesBuildPhase;
			buildActionMask = 2147483647;
			files = (
				1302CD341C52B2F6003222CF /* LaunchScreen.storyboard in Resources */,
				1302CD581C52BAA7003222CF /* SagradaFamilia.jpeg in Resources */,
				1302CD5A1C52BF40003222CF /* AlbertEinsteinStamp.jpg in Resources */,
				1302CD311C52B2F6003222CF /* Assets.xcassets in Resources */,
				1302CD2F1C52B2F6003222CF /* Main.storyboard in Resources */,
			);
			runOnlyForDeploymentPostprocessing = 0;
		};
		1302CD381C52B2F6003222CF /* Resources */ = {
			isa = PBXResourcesBuildPhase;
			buildActionMask = 2147483647;
			files = (
			);
			runOnlyForDeploymentPostprocessing = 0;
		};
		1302CD431C52B2F6003222CF /* Resources */ = {
			isa = PBXResourcesBuildPhase;
			buildActionMask = 2147483647;
			files = (
			);
			runOnlyForDeploymentPostprocessing = 0;
		};
/* End PBXResourcesBuildPhase section */

/* Begin PBXSourcesBuildPhase section */
		1302CD221C52B2F6003222CF /* Sources */ = {
			isa = PBXSourcesBuildPhase;
			buildActionMask = 2147483647;
			files = (
				1302CD2C1C52B2F6003222CF /* ViewController.swift in Sources */,
				1302CD2A1C52B2F6003222CF /* AppDelegate.swift in Sources */,
			);
			runOnlyForDeploymentPostprocessing = 0;
		};
		1302CD361C52B2F6003222CF /* Sources */ = {
			isa = PBXSourcesBuildPhase;
			buildActionMask = 2147483647;
			files = (
				1302CD3F1C52B2F6003222CF /* PostcardTests.swift in Sources */,
			);
			runOnlyForDeploymentPostprocessing = 0;
		};
		1302CD411C52B2F6003222CF /* Sources */ = {
			isa = PBXSourcesBuildPhase;
			buildActionMask = 2147483647;
			files = (
				1302CD4A1C52B2F6003222CF /* PostcardUITests.swift in Sources */,
			);
			runOnlyForDeploymentPostprocessing = 0;
		};
/* End PBXSourcesBuildPhase section */

/* Begin PBXTargetDependency section */
		1302CD3C1C52B2F6003222CF /* PBXTargetDependency */ = {
			isa = PBXTargetDependency;
			target = 1302CD251C52B2F6003222CF /* Postcard */;
			targetProxy = 1302CD3B1C52B2F6003222CF /* PBXContainerItemProxy */;
		};
		1302CD471C52B2F6003222CF /* PBXTargetDependency */ = {
			isa = PBXTargetDependency;
			target = 1302CD251C52B2F6003222CF /* Postcard */;
			targetProxy = 1302CD461C52B2F6003222CF /* PBXContainerItemProxy */;
		};
/* End PBXTargetDependency section */

/* Begin PBXVariantGroup section */
		1302CD2D1C52B2F6003222CF /* Main.storyboard */ = {
			isa = PBXVariantGroup;
			children = (
				1302CD2E1C52B2F6003222CF /* Base */,
			);
			name = Main.storyboard;
			sourceTree = "<group>";
		};
		1302CD321C52B2F6003222CF /* LaunchScreen.storyboard */ = {
			isa = PBXVariantGroup;
			children = (
				1302CD331C52B2F6003222CF /* Base */,
			);
			name = LaunchScreen.storyboard;
			sourceTree = "<group>";
		};
/* End PBXVariantGroup section */

/* Begin XCBuildConfiguration section */
		1302CD4C1C52B2F6003222CF /* Debug */ = {
			isa = XCBuildConfiguration;
			buildSettings = {
				ALWAYS_SEARCH_USER_PATHS = NO;
				CLANG_CXX_LANGUAGE_STANDARD = "gnu++0x";
				CLANG_CXX_LIBRARY = "libc++";
				CLANG_ENABLE_MODULES = YES;
				CLANG_ENABLE_OBJC_ARC = YES;
				CLANG_WARN_BOOL_CONVERSION = YES;
				CLANG_WARN_CONSTANT_CONVERSION = YES;
				CLANG_WARN_DIRECT_OBJC_ISA_USAGE = YES_ERROR;
				CLANG_WARN_EMPTY_BODY = YES;
				CLANG_WARN_ENUM_CONVERSION = YES;
				CLANG_WARN_INT_CONVERSION = YES;
				CLANG_WARN_OBJC_ROOT_CLASS = YES_ERROR;
				CLANG_WARN_UNREACHABLE_CODE = YES;
				CLANG_WARN__DUPLICATE_METHOD_MATCH = YES;
				"CODE_SIGN_IDENTITY[sdk=iphoneos*]" = "iPhone Developer";
				COPY_PHASE_STRIP = NO;
				DEBUG_INFORMATION_FORMAT = dwarf;
				ENABLE_STRICT_OBJC_MSGSEND = YES;
				ENABLE_TESTABILITY = YES;
				GCC_C_LANGUAGE_STANDARD = gnu99;
				GCC_DYNAMIC_NO_PIC = NO;
				GCC_NO_COMMON_BLOCKS = YES;
				GCC_OPTIMIZATION_LEVEL = 0;
				GCC_PREPROCESSOR_DEFINITIONS = (
					"DEBUG=1",
					"$(inherited)",
				);
				GCC_WARN_64_TO_32_BIT_CONVERSION = YES;
				GCC_WARN_ABOUT_RETURN_TYPE = YES_ERROR;
				GCC_WARN_UNDECLARED_SELECTOR = YES;
				GCC_WARN_UNINITIALIZED_AUTOS = YES_AGGRESSIVE;
				GCC_WARN_UNUSED_FUNCTION = YES;
				GCC_WARN_UNUSED_VARIABLE = YES;
				IPHONEOS_DEPLOYMENT_TARGET = 9.1;
				MTL_ENABLE_DEBUG_INFO = YES;
				ONLY_ACTIVE_ARCH = YES;
				SDKROOT = iphoneos;
				SWIFT_OPTIMIZATION_LEVEL = "-Onone";
				TARGETED_DEVICE_FAMILY = "1,2";
			};
			name = Debug;
		};
		1302CD4D1C52B2F6003222CF /* Release */ = {
			isa = XCBuildConfiguration;
			buildSettings = {
				ALWAYS_SEARCH_USER_PATHS = NO;
				CLANG_CXX_LANGUAGE_STANDARD = "gnu++0x";
				CLANG_CXX_LIBRARY = "libc++";
				CLANG_ENABLE_MODULES = YES;
				CLANG_ENABLE_OBJC_ARC = YES;
				CLANG_WARN_BOOL_CONVERSION = YES;
				CLANG_WARN_CONSTANT_CONVERSION = YES;
				CLANG_WARN_DIRECT_OBJC_ISA_USAGE = YES_ERROR;
				CLANG_WARN_EMPTY_BODY = YES;
				CLANG_WARN_ENUM_CONVERSION = YES;
				CLANG_WARN_INT_CONVERSION = YES;
				CLANG_WARN_OBJC_ROOT_CLASS = YES_ERROR;
				CLANG_WARN_UNREACHABLE_CODE = YES;
				CLANG_WARN__DUPLICATE_METHOD_MATCH = YES;
				"CODE_SIGN_IDENTITY[sdk=iphoneos*]" = "iPhone Developer";
				COPY_PHASE_STRIP = NO;
				DEBUG_INFORMATION_FORMAT = "dwarf-with-dsym";
				ENABLE_NS_ASSERTIONS = NO;
				ENABLE_STRICT_OBJC_MSGSEND = YES;
				GCC_C_LANGUAGE_STANDARD = gnu99;
				GCC_NO_COMMON_BLOCKS = YES;
				GCC_WARN_64_TO_32_BIT_CONVERSION = YES;
				GCC_WARN_ABOUT_RETURN_TYPE = YES_ERROR;
				GCC_WARN_UNDECLARED_SELECTOR = YES;
				GCC_WARN_UNINITIALIZED_AUTOS = YES_AGGRESSIVE;
				GCC_WARN_UNUSED_FUNCTION = YES;
				GCC_WARN_UNUSED_VARIABLE = YES;
				IPHONEOS_DEPLOYMENT_TARGET = 9.1;
				MTL_ENABLE_DEBUG_INFO = NO;
				SDKROOT = iphoneos;
				TARGETED_DEVICE_FAMILY = "1,2";
				VALIDATE_PRODUCT = YES;
			};
			name = Release;
		};
		1302CD4F1C52B2F6003222CF /* Debug */ = {
			isa = XCBuildConfiguration;
			buildSettings = {
				ASSETCATALOG_COMPILER_APPICON_NAME = AppIcon;
				INFOPLIST_FILE = Postcard/Info.plist;
				LD_RUNPATH_SEARCH_PATHS = "$(inherited) @executable_path/Frameworks";
				PRODUCT_BUNDLE_IDENTIFIER = JBM.Postcard;
				PRODUCT_NAME = "$(TARGET_NAME)";
			};
			name = Debug;
		};
		1302CD501C52B2F6003222CF /* Release */ = {
			isa = XCBuildConfiguration;
			buildSettings = {
				ASSETCATALOG_COMPILER_APPICON_NAME = AppIcon;
				INFOPLIST_FILE = Postcard/Info.plist;
				LD_RUNPATH_SEARCH_PATHS = "$(inherited) @executable_path/Frameworks";
				PRODUCT_BUNDLE_IDENTIFIER = JBM.Postcard;
				PRODUCT_NAME = "$(TARGET_NAME)";
			};
			name = Release;
		};
		1302CD521C52B2F6003222CF /* Debug */ = {
			isa = XCBuildConfiguration;
			buildSettings = {
				BUNDLE_LOADER = "$(TEST_HOST)";
				INFOPLIST_FILE = PostcardTests/Info.plist;
				LD_RUNPATH_SEARCH_PATHS = "$(inherited) @executable_path/Frameworks @loader_path/Frameworks";
				PRODUCT_BUNDLE_IDENTIFIER = JBM.PostcardTests;
				PRODUCT_NAME = "$(TARGET_NAME)";
				TEST_HOST = "$(BUILT_PRODUCTS_DIR)/Postcard.app/Postcard";
			};
			name = Debug;
		};
		1302CD531C52B2F6003222CF /* Release */ = {
			isa = XCBuildConfiguration;
			buildSettings = {
				BUNDLE_LOADER = "$(TEST_HOST)";
				INFOPLIST_FILE = PostcardTests/Info.plist;
				LD_RUNPATH_SEARCH_PATHS = "$(inherited) @executable_path/Frameworks @loader_path/Frameworks";
				PRODUCT_BUNDLE_IDENTIFIER = JBM.PostcardTests;
				PRODUCT_NAME = "$(TARGET_NAME)";
				TEST_HOST = "$(BUILT_PRODUCTS_DIR)/Postcard.app/Postcard";
			};
			name = Release;
		};
		1302CD551C52B2F6003222CF /* Debug */ = {
			isa = XCBuildConfiguration;
			buildSettings = {
				INFOPLIST_FILE = PostcardUITests/Info.plist;
				LD_RUNPATH_SEARCH_PATHS = "$(inherited) @executable_path/Frameworks @loader_path/Frameworks";
				PRODUCT_BUNDLE_IDENTIFIER = JBM.PostcardUITests;
				PRODUCT_NAME = "$(TARGET_NAME)";
				TEST_TARGET_NAME = Postcard;
				USES_XCTRUNNER = YES;
			};
			name = Debug;
		};
		1302CD561C52B2F6003222CF /* Release */ = {
			isa = XCBuildConfiguration;
			buildSettings = {
				INFOPLIST_FILE = PostcardUITests/Info.plist;
				LD_RUNPATH_SEARCH_PATHS = "$(inherited) @executable_path/Frameworks @loader_path/Frameworks";
				PRODUCT_BUNDLE_IDENTIFIER = JBM.PostcardUITests;
				PRODUCT_NAME = "$(TARGET_NAME)";
				TEST_TARGET_NAME = Postcard;
				USES_XCTRUNNER = YES;
			};
			name = Release;
		};
/* End XCBuildConfiguration section */

/* Begin XCConfigurationList section */
		1302CD211C52B2F6003222CF /* Build configuration list for PBXProject "Postcard" */ = {
			isa = XCConfigurationList;
			buildConfigurations = (
				1302CD4C1C52B2F6003222CF /* Debug */,
				1302CD4D1C52B2F6003222CF /* Release */,
			);
			defaultConfigurationIsVisible = 0;
			defaultConfigurationName = Release;
		};
		1302CD4E1C52B2F6003222CF /* Build configuration list for PBXNativeTarget "Postcard" */ = {
			isa = XCConfigurationList;
			buildConfigurations = (
				1302CD4F1C52B2F6003222CF /* Debug */,
				1302CD501C52B2F6003222CF /* Release */,
			);
			defaultConfigurationIsVisible = 0;
		};
		1302CD511C52B2F6003222CF /* Build configuration list for PBXNativeTarget "PostcardTests" */ = {
			isa = XCConfigurationList;
			buildConfigurations = (
				1302CD521C52B2F6003222CF /* Debug */,
				1302CD531C52B2F6003222CF /* Release */,
			);
			defaultConfigurationIsVisible = 0;
		};
		1302CD541C52B2F6003222CF /* Build configuration list for PBXNativeTarget "PostcardUITests" */ = {
			isa = XCConfigurationList;
			buildConfigurations = (
				1302CD551C52B2F6003222CF /* Debug */,
				1302CD561C52B2F6003222CF /* Release */,
			);
			defaultConfigurationIsVisible = 0;
		};
/* End XCConfigurationList section */
	};
	rootObject = 1302CD1E1C52B2F6003222CF /* Project object */;
}
